
Microsoft Visual Studio Solution File, Format Version 12.00
# Visual Studio Version 16
VisualStudioVersion = 16.0.29519.87
MinimumVisualStudioVersion = 10.0.40219.1
Project("{FAE04EC0-301F-11D3-BF4B-00C04F79EFBC}") = "dyali", "dyali.csproj", "{096DD333-63F2-4AC7-A327-A94D99869FB3}"
EndProject
Global
	GlobalSection(SolutionConfigurationPlatforms) = preSolution
		Debug|Any CPU = Debug|Any CPU
		Release|Any CPU = Release|Any CPU
	EndGlobalSection
	GlobalSection(ProjectConfigurationPlatforms) = postSolution
		{096DD333-63F2-4AC7-A327-A94D99869FB3}.Debug|Any CPU.ActiveCfg = Debug|Any CPU
		{096DD333-63F2-4AC7-A327-A94D99869FB3}.Debug|Any CPU.Build.0 = Debug|Any CPU
		{096DD333-63F2-4AC7-A327-A94D99869FB3}.Release|Any CPU.ActiveCfg = Release|Any CPU
		{096DD333-63F2-4AC7-A327-A94D99869FB3}.Release|Any CPU.Build.0 = Release|Any CPU
	EndGlobalSection
	GlobalSection(SolutionProperties) = preSolution
		HideSolutionNode = FALSE
	EndGlobalSection
	GlobalSection(ExtensibilityGlobals) = postSolution
		SolutionGuid = {AE64B152-36F8-4E6E-8557-4DEDC564F97B}
	EndGlobalSection
EndGlobal
