
Microsoft Visual Studio Solution File, Format Version 12.00
# Visual Studio Version 16
VisualStudioVersion = 16.0.29519.87
MinimumVisualStudioVersion = 10.0.40219.1
Project("{FAE04EC0-301F-11D3-BF4B-00C04F79EFBC}") = "DelegateZaid", "DelegateZaid\DelegateZaid.csproj", "{F8E96A08-A923-49CF-A1FB-25F0B71A556C}"
EndProject
Global
	GlobalSection(SolutionConfigurationPlatforms) = preSolution
		Debug|Any CPU = Debug|Any CPU
		Release|Any CPU = Release|Any CPU
	EndGlobalSection
	GlobalSection(ProjectConfigurationPlatforms) = postSolution
		{F8E96A08-A923-49CF-A1FB-25F0B71A556C}.Debug|Any CPU.ActiveCfg = Debug|Any CPU
		{F8E96A08-A923-49CF-A1FB-25F0B71A556C}.Debug|Any CPU.Build.0 = Debug|Any CPU
		{F8E96A08-A923-49CF-A1FB-25F0B71A556C}.Release|Any CPU.ActiveCfg = Release|Any CPU
		{F8E96A08-A923-49CF-A1FB-25F0B71A556C}.Release|Any CPU.Build.0 = Release|Any CPU
	EndGlobalSection
	GlobalSection(SolutionProperties) = preSolution
		HideSolutionNode = FALSE
	EndGlobalSection
	GlobalSection(ExtensibilityGlobals) = postSolution
		SolutionGuid = {A36CDA98-04D0-4EF6-B0AB-B227AA0D62EE}
	EndGlobalSection
EndGlobal
