
Microsoft Visual Studio Solution File, Format Version 12.00
# Visual Studio 2012
Project("{FAE04EC0-301F-11D3-BF4B-00C04F79EFBC}") = "Q3.T2", "Q3.T2\Q3.T2.csproj", "{B98B8C27-86FC-4405-94BA-26AE0610E32F}"
EndProject
Global
	GlobalSection(SolutionConfigurationPlatforms) = preSolution
		Debug|Any CPU = Debug|Any CPU
		Release|Any CPU = Release|Any CPU
	EndGlobalSection
	GlobalSection(ProjectConfigurationPlatforms) = postSolution
		{B98B8C27-86FC-4405-94BA-26AE0610E32F}.Debug|Any CPU.ActiveCfg = Debug|Any CPU
		{B98B8C27-86FC-4405-94BA-26AE0610E32F}.Debug|Any CPU.Build.0 = Debug|Any CPU
		{B98B8C27-86FC-4405-94BA-26AE0610E32F}.Release|Any CPU.ActiveCfg = Release|Any CPU
		{B98B8C27-86FC-4405-94BA-26AE0610E32F}.Release|Any CPU.Build.0 = Release|Any CPU
	EndGlobalSection
	GlobalSection(SolutionProperties) = preSolution
		HideSolutionNode = FALSE
	EndGlobalSection
EndGlobal
