
Microsoft Visual Studio Solution File, Format Version 12.00
# Visual Studio 15
VisualStudioVersion = 15.0.28307.645
MinimumVisualStudioVersion = 10.0.40219.1
Project("{FAE04EC0-301F-11D3-BF4B-00C04F79EFBC}") = "tp3modeConnecte", "tp3modeConnecte\tp3modeConnecte.csproj", "{280769AF-8C6C-438A-A1E5-84AAB3E8BEFB}"
EndProject
Global
	GlobalSection(SolutionConfigurationPlatforms) = preSolution
		Debug|Any CPU = Debug|Any CPU
		Release|Any CPU = Release|Any CPU
	EndGlobalSection
	GlobalSection(ProjectConfigurationPlatforms) = postSolution
		{280769AF-8C6C-438A-A1E5-84AAB3E8BEFB}.Debug|Any CPU.ActiveCfg = Debug|Any CPU
		{280769AF-8C6C-438A-A1E5-84AAB3E8BEFB}.Debug|Any CPU.Build.0 = Debug|Any CPU
		{280769AF-8C6C-438A-A1E5-84AAB3E8BEFB}.Release|Any CPU.ActiveCfg = Release|Any CPU
		{280769AF-8C6C-438A-A1E5-84AAB3E8BEFB}.Release|Any CPU.Build.0 = Release|Any CPU
	EndGlobalSection
	GlobalSection(SolutionProperties) = preSolution
		HideSolutionNode = FALSE
	EndGlobalSection
	GlobalSection(ExtensibilityGlobals) = postSolution
		SolutionGuid = {95FB95FE-E2A2-4AB7-8E1C-1CF4B0233EC1}
	EndGlobalSection
EndGlobal
