
Microsoft Visual Studio Solution File, Format Version 12.00
# Visual Studio 15
VisualStudioVersion = 15.0.28307.960
MinimumVisualStudioVersion = 10.0.40219.1
Project("{FAE04EC0-301F-11D3-BF4B-00C04F79EFBC}") = "Q3", "Q3\Q3.csproj", "{0837B2DC-F6FD-4CD3-A59E-862648793455}"
EndProject
Global
	GlobalSection(SolutionConfigurationPlatforms) = preSolution
		Debug|Any CPU = Debug|Any CPU
		Release|Any CPU = Release|Any CPU
	EndGlobalSection
	GlobalSection(ProjectConfigurationPlatforms) = postSolution
		{0837B2DC-F6FD-4CD3-A59E-862648793455}.Debug|Any CPU.ActiveCfg = Debug|Any CPU
		{0837B2DC-F6FD-4CD3-A59E-862648793455}.Debug|Any CPU.Build.0 = Debug|Any CPU
		{0837B2DC-F6FD-4CD3-A59E-862648793455}.Release|Any CPU.ActiveCfg = Release|Any CPU
		{0837B2DC-F6FD-4CD3-A59E-862648793455}.Release|Any CPU.Build.0 = Release|Any CPU
	EndGlobalSection
	GlobalSection(SolutionProperties) = preSolution
		HideSolutionNode = FALSE
	EndGlobalSection
	GlobalSection(ExtensibilityGlobals) = postSolution
		SolutionGuid = {4C2B661E-AD67-42EB-B1C6-74340C74CEA3}
	EndGlobalSection
EndGlobal
