
Microsoft Visual Studio Solution File, Format Version 12.00
# Visual Studio Version 16
VisualStudioVersion = 16.0.29519.87
MinimumVisualStudioVersion = 10.0.40219.1
Project("{FAE04EC0-301F-11D3-BF4B-00C04F79EFBC}") = "tp1", "tp1\tp1.csproj", "{825DE1D8-3DBA-49A6-A67E-D840BC9C3909}"
EndProject
Global
	GlobalSection(SolutionConfigurationPlatforms) = preSolution
		Debug|Any CPU = Debug|Any CPU
		Release|Any CPU = Release|Any CPU
	EndGlobalSection
	GlobalSection(ProjectConfigurationPlatforms) = postSolution
		{825DE1D8-3DBA-49A6-A67E-D840BC9C3909}.Debug|Any CPU.ActiveCfg = Debug|Any CPU
		{825DE1D8-3DBA-49A6-A67E-D840BC9C3909}.Debug|Any CPU.Build.0 = Debug|Any CPU
		{825DE1D8-3DBA-49A6-A67E-D840BC9C3909}.Release|Any CPU.ActiveCfg = Release|Any CPU
		{825DE1D8-3DBA-49A6-A67E-D840BC9C3909}.Release|Any CPU.Build.0 = Release|Any CPU
	EndGlobalSection
	GlobalSection(SolutionProperties) = preSolution
		HideSolutionNode = FALSE
	EndGlobalSection
	GlobalSection(ExtensibilityGlobals) = postSolution
		SolutionGuid = {C27F9702-246C-435B-B3ED-A0CE9112D0B7}
	EndGlobalSection
EndGlobal
