
Microsoft Visual Studio Solution File, Format Version 12.00
# Visual Studio Version 16
VisualStudioVersion = 16.0.29201.188
MinimumVisualStudioVersion = 10.0.40219.1
Project("{FAE04EC0-301F-11D3-BF4B-00C04F79EFBC}") = "GestionStock", "GestionStock.csproj", "{80906816-CD9B-4757-9CBC-A4F33B78FE20}"
EndProject
Global
	GlobalSection(SolutionConfigurationPlatforms) = preSolution
		Debug|Any CPU = Debug|Any CPU
		Release|Any CPU = Release|Any CPU
	EndGlobalSection
	GlobalSection(ProjectConfigurationPlatforms) = postSolution
		{80906816-CD9B-4757-9CBC-A4F33B78FE20}.Debug|Any CPU.ActiveCfg = Debug|Any CPU
		{80906816-CD9B-4757-9CBC-A4F33B78FE20}.Debug|Any CPU.Build.0 = Debug|Any CPU
		{80906816-CD9B-4757-9CBC-A4F33B78FE20}.Release|Any CPU.ActiveCfg = Release|Any CPU
		{80906816-CD9B-4757-9CBC-A4F33B78FE20}.Release|Any CPU.Build.0 = Release|Any CPU
	EndGlobalSection
	GlobalSection(SolutionProperties) = preSolution
		HideSolutionNode = FALSE
	EndGlobalSection
	GlobalSection(ExtensibilityGlobals) = postSolution
		SolutionGuid = {F20D71ED-2CFD-41A4-8B1B-594DEBE686CE}
	EndGlobalSection
EndGlobal
