
Microsoft Visual Studio Solution File, Format Version 12.00
# Visual Studio Version 16
VisualStudioVersion = 16.0.29503.13
MinimumVisualStudioVersion = 10.0.40219.1
Project("{FAE04EC0-301F-11D3-BF4B-00C04F79EFBC}") = "CRUD CONSOLE", "CRUD CONSOLE.csproj", "{F800DA54-05B0-4BC5-9A14-959F8F7907D8}"
EndProject
Global
	GlobalSection(SolutionConfigurationPlatforms) = preSolution
		Debug|Any CPU = Debug|Any CPU
		Release|Any CPU = Release|Any CPU
	EndGlobalSection
	GlobalSection(ProjectConfigurationPlatforms) = postSolution
		{F800DA54-05B0-4BC5-9A14-959F8F7907D8}.Debug|Any CPU.ActiveCfg = Debug|Any CPU
		{F800DA54-05B0-4BC5-9A14-959F8F7907D8}.Debug|Any CPU.Build.0 = Debug|Any CPU
		{F800DA54-05B0-4BC5-9A14-959F8F7907D8}.Release|Any CPU.ActiveCfg = Release|Any CPU
		{F800DA54-05B0-4BC5-9A14-959F8F7907D8}.Release|Any CPU.Build.0 = Release|Any CPU
	EndGlobalSection
	GlobalSection(SolutionProperties) = preSolution
		HideSolutionNode = FALSE
	EndGlobalSection
	GlobalSection(ExtensibilityGlobals) = postSolution
		SolutionGuid = {4AE576F5-127B-4697-B155-6C5078C19E18}
	EndGlobalSection
EndGlobal
