
Microsoft Visual Studio Solution File, Format Version 12.00
# Visual Studio Version 16
VisualStudioVersion = 16.0.29519.87
MinimumVisualStudioVersion = 10.0.40219.1
Project("{FAE04EC0-301F-11D3-BF4B-00C04F79EFBC}") = "crud", "crud\crud.csproj", "{6A4A4A92-DA26-42F7-A446-D7383CEBC5B5}"
EndProject
Global
	GlobalSection(SolutionConfigurationPlatforms) = preSolution
		Debug|Any CPU = Debug|Any CPU
		Release|Any CPU = Release|Any CPU
	EndGlobalSection
	GlobalSection(ProjectConfigurationPlatforms) = postSolution
		{6A4A4A92-DA26-42F7-A446-D7383CEBC5B5}.Debug|Any CPU.ActiveCfg = Debug|Any CPU
		{6A4A4A92-DA26-42F7-A446-D7383CEBC5B5}.Debug|Any CPU.Build.0 = Debug|Any CPU
		{6A4A4A92-DA26-42F7-A446-D7383CEBC5B5}.Release|Any CPU.ActiveCfg = Release|Any CPU
		{6A4A4A92-DA26-42F7-A446-D7383CEBC5B5}.Release|Any CPU.Build.0 = Release|Any CPU
	EndGlobalSection
	GlobalSection(SolutionProperties) = preSolution
		HideSolutionNode = FALSE
	EndGlobalSection
	GlobalSection(ExtensibilityGlobals) = postSolution
		SolutionGuid = {1F8CEA82-1B59-4A0F-ACD3-D564C8113FE0}
	EndGlobalSection
EndGlobal
