
Microsoft Visual Studio Solution File, Format Version 12.00
# Visual Studio Version 16
VisualStudioVersion = 16.0.29519.87
MinimumVisualStudioVersion = 10.0.40219.1
Project("{FAE04EC0-301F-11D3-BF4B-00C04F79EFBC}") = "EF4", "EF4.csproj", "{C6B20B8E-78F1-4A66-8D15-A4A9581AD0B5}"
EndProject
Global
	GlobalSection(SolutionConfigurationPlatforms) = preSolution
		Debug|Any CPU = Debug|Any CPU
		Release|Any CPU = Release|Any CPU
	EndGlobalSection
	GlobalSection(ProjectConfigurationPlatforms) = postSolution
		{C6B20B8E-78F1-4A66-8D15-A4A9581AD0B5}.Debug|Any CPU.ActiveCfg = Debug|Any CPU
		{C6B20B8E-78F1-4A66-8D15-A4A9581AD0B5}.Debug|Any CPU.Build.0 = Debug|Any CPU
		{C6B20B8E-78F1-4A66-8D15-A4A9581AD0B5}.Release|Any CPU.ActiveCfg = Release|Any CPU
		{C6B20B8E-78F1-4A66-8D15-A4A9581AD0B5}.Release|Any CPU.Build.0 = Release|Any CPU
	EndGlobalSection
	GlobalSection(SolutionProperties) = preSolution
		HideSolutionNode = FALSE
	EndGlobalSection
	GlobalSection(ExtensibilityGlobals) = postSolution
		SolutionGuid = {382CBF25-7032-48B9-BAF7-D4CC0CAEE683}
	EndGlobalSection
EndGlobal
