
Microsoft Visual Studio Solution File, Format Version 12.00
# Visual Studio Version 16
VisualStudioVersion = 16.0.29613.14
MinimumVisualStudioVersion = 10.0.40219.1
Project("{FAE04EC0-301F-11D3-BF4B-00C04F79EFBC}") = "DataSet_Q2", "DataSet_Q2\DataSet_Q2.csproj", "{F2E673AC-C173-4411-B7E3-42BAAE6B225F}"
EndProject
Global
	GlobalSection(SolutionConfigurationPlatforms) = preSolution
		Debug|Any CPU = Debug|Any CPU
		Release|Any CPU = Release|Any CPU
	EndGlobalSection
	GlobalSection(ProjectConfigurationPlatforms) = postSolution
		{F2E673AC-C173-4411-B7E3-42BAAE6B225F}.Debug|Any CPU.ActiveCfg = Debug|Any CPU
		{F2E673AC-C173-4411-B7E3-42BAAE6B225F}.Debug|Any CPU.Build.0 = Debug|Any CPU
		{F2E673AC-C173-4411-B7E3-42BAAE6B225F}.Release|Any CPU.ActiveCfg = Release|Any CPU
		{F2E673AC-C173-4411-B7E3-42BAAE6B225F}.Release|Any CPU.Build.0 = Release|Any CPU
	EndGlobalSection
	GlobalSection(SolutionProperties) = preSolution
		HideSolutionNode = FALSE
	EndGlobalSection
	GlobalSection(ExtensibilityGlobals) = postSolution
		SolutionGuid = {08CFB4A2-8400-4381-BEE2-10616FA693C3}
	EndGlobalSection
EndGlobal
